
Microsoft Visual Studio Solution File, Format Version 12.00
# Visual Studio Version 17
VisualStudioVersion = 17.11.35222.181
MinimumVisualStudioVersion = 10.0.40219.1
Project("{FAE04EC0-301F-11D3-BF4B-00C04F79EFBC}") = "MethodsAndObjectsSubmission", "MethodsAndObjectsSubmission\MethodsAndObjectsSubmission.csproj", "{96D5A321-50F9-44E3-83A5-6252ACBE3AB0}"
EndProject
Global
	GlobalSection(SolutionConfigurationPlatforms) = preSolution
		Debug|Any CPU = Debug|Any CPU
		Release|Any CPU = Release|Any CPU
	EndGlobalSection
	GlobalSection(ProjectConfigurationPlatforms) = postSolution
		{96D5A321-50F9-44E3-83A5-6252ACBE3AB0}.Debug|Any CPU.ActiveCfg = Debug|Any CPU
		{96D5A321-50F9-44E3-83A5-6252ACBE3AB0}.Debug|Any CPU.Build.0 = Debug|Any CPU
		{96D5A321-50F9-44E3-83A5-6252ACBE3AB0}.Release|Any CPU.ActiveCfg = Release|Any CPU
		{96D5A321-50F9-44E3-83A5-6252ACBE3AB0}.Release|Any CPU.Build.0 = Release|Any CPU
	EndGlobalSection
	GlobalSection(SolutionProperties) = preSolution
		HideSolutionNode = FALSE
	EndGlobalSection
	GlobalSection(ExtensibilityGlobals) = postSolution
		SolutionGuid = {99289B59-A95E-44F1-A085-989F46AF027D}
	EndGlobalSection
EndGlobal
