
Microsoft Visual Studio Solution File, Format Version 12.00
# Visual Studio Version 17
VisualStudioVersion = 17.11.35222.181
MinimumVisualStudioVersion = 10.0.40219.1
Project("{FAE04EC0-301F-11D3-BF4B-00C04F79EFBC}") = "Branching Submission", "Branching Submission\Branching Submission.csproj", "{A0303924-00C6-41AC-A538-871F0B644AE2}"
EndProject
Global
	GlobalSection(SolutionConfigurationPlatforms) = preSolution
		Debug|Any CPU = Debug|Any CPU
		Release|Any CPU = Release|Any CPU
	EndGlobalSection
	GlobalSection(ProjectConfigurationPlatforms) = postSolution
		{A0303924-00C6-41AC-A538-871F0B644AE2}.Debug|Any CPU.ActiveCfg = Debug|Any CPU
		{A0303924-00C6-41AC-A538-871F0B644AE2}.Debug|Any CPU.Build.0 = Debug|Any CPU
		{A0303924-00C6-41AC-A538-871F0B644AE2}.Release|Any CPU.ActiveCfg = Release|Any CPU
		{A0303924-00C6-41AC-A538-871F0B644AE2}.Release|Any CPU.Build.0 = Release|Any CPU
	EndGlobalSection
	GlobalSection(SolutionProperties) = preSolution
		HideSolutionNode = FALSE
	EndGlobalSection
	GlobalSection(ExtensibilityGlobals) = postSolution
		SolutionGuid = {30E986EF-97F0-4998-8032-55AD275CC10F}
	EndGlobalSection
EndGlobal
