
Microsoft Visual Studio Solution File, Format Version 12.00
# Visual Studio Version 17
VisualStudioVersion = 17.11.35222.181
MinimumVisualStudioVersion = 10.0.40219.1
Project("{FAE04EC0-301F-11D3-BF4B-00C04F79EFBC}") = "ConsoleAppTryCatchSubmission", "ConsoleAppTryCatchSubmission\ConsoleAppTryCatchSubmission.csproj", "{57228389-9EBC-409C-A65B-9CBC7E4A247E}"
EndProject
Global
	GlobalSection(SolutionConfigurationPlatforms) = preSolution
		Debug|Any CPU = Debug|Any CPU
		Release|Any CPU = Release|Any CPU
	EndGlobalSection
	GlobalSection(ProjectConfigurationPlatforms) = postSolution
		{57228389-9EBC-409C-A65B-9CBC7E4A247E}.Debug|Any CPU.ActiveCfg = Debug|Any CPU
		{57228389-9EBC-409C-A65B-9CBC7E4A247E}.Debug|Any CPU.Build.0 = Debug|Any CPU
		{57228389-9EBC-409C-A65B-9CBC7E4A247E}.Release|Any CPU.ActiveCfg = Release|Any CPU
		{57228389-9EBC-409C-A65B-9CBC7E4A247E}.Release|Any CPU.Build.0 = Release|Any CPU
	EndGlobalSection
	GlobalSection(SolutionProperties) = preSolution
		HideSolutionNode = FALSE
	EndGlobalSection
	GlobalSection(ExtensibilityGlobals) = postSolution
		SolutionGuid = {A3063081-44B4-4F47-BFF0-CF3EFAC66A69}
	EndGlobalSection
EndGlobal
